
Microsoft Visual Studio Solution File, Format Version 11.00
# Visual Studio 2010
Project("{FAE04EC0-301F-11D3-BF4B-00C04F79EFBC}") = "UnityAutoMoq.Tests", "UnityAutoMoq.Tests\UnityAutoMoq.Tests.csproj", "{72D98508-6E3B-4ADF-95F1-B03A0CA81F87}"
EndProject
Project("{FAE04EC0-301F-11D3-BF4B-00C04F79EFBC}") = "UnityAutoMoq", "UnityAutoMoq\UnityAutoMoq.csproj", "{3FF285B9-7D50-4192-BE06-C3C64EF484FD}"
EndProject
Global
	GlobalSection(SolutionConfigurationPlatforms) = preSolution
		Debug|Any CPU = Debug|Any CPU
		Release|Any CPU = Release|Any CPU
	EndGlobalSection
	GlobalSection(ProjectConfigurationPlatforms) = postSolution
		{72D98508-6E3B-4ADF-95F1-B03A0CA81F87}.Debug|Any CPU.ActiveCfg = Debug|Any CPU
		{72D98508-6E3B-4ADF-95F1-B03A0CA81F87}.Debug|Any CPU.Build.0 = Debug|Any CPU
		{72D98508-6E3B-4ADF-95F1-B03A0CA81F87}.Release|Any CPU.ActiveCfg = Release|Any CPU
		{72D98508-6E3B-4ADF-95F1-B03A0CA81F87}.Release|Any CPU.Build.0 = Release|Any CPU
		{3FF285B9-7D50-4192-BE06-C3C64EF484FD}.Debug|Any CPU.ActiveCfg = Debug|Any CPU
		{3FF285B9-7D50-4192-BE06-C3C64EF484FD}.Debug|Any CPU.Build.0 = Debug|Any CPU
		{3FF285B9-7D50-4192-BE06-C3C64EF484FD}.Release|Any CPU.ActiveCfg = Release|Any CPU
		{3FF285B9-7D50-4192-BE06-C3C64EF484FD}.Release|Any CPU.Build.0 = Release|Any CPU
	EndGlobalSection
	GlobalSection(SolutionProperties) = preSolution
		HideSolutionNode = FALSE
	EndGlobalSection
	GlobalSection(ExtensibilityGlobals) = postSolution
		EnterpriseLibraryConfigurationToolBinariesPath = packages\Unity.2.1.505.0\lib\NET35
	EndGlobalSection
EndGlobal
